
Microsoft Visual Studio Solution File, Format Version 12.00
# Visual Studio 14
VisualStudioVersion = 14.0.25420.1
MinimumVisualStudioVersion = 10.0.40219.1
Project("{FAE04EC0-301F-11D3-BF4B-00C04F79EFBC}") = "Ksu.Cis300.LinkedListLibrary", "Ksu.Cis300.LinkedListLibrary\Ksu.Cis300.LinkedListLibrary.csproj", "{E8C51F10-A1A9-4B52-A2A5-35CBC84E1419}"
EndProject
Project("{FAE04EC0-301F-11D3-BF4B-00C04F79EFBC}") = "Ksu.Cis300.CapitalGainCalculator", "..\..\Lab 8\Ksu.Cis300.CapitalGainCalculator\Ksu.Cis300.CapitalGainCalculator\Ksu.Cis300.CapitalGainCalculator.csproj", "{C21B472B-872F-464C-AD18-F3AA70E8EB91}"
EndProject
Global
	GlobalSection(SolutionConfigurationPlatforms) = preSolution
		Debug|Any CPU = Debug|Any CPU
		Release|Any CPU = Release|Any CPU
	EndGlobalSection
	GlobalSection(ProjectConfigurationPlatforms) = postSolution
		{E8C51F10-A1A9-4B52-A2A5-35CBC84E1419}.Debug|Any CPU.ActiveCfg = Debug|Any CPU
		{E8C51F10-A1A9-4B52-A2A5-35CBC84E1419}.Debug|Any CPU.Build.0 = Debug|Any CPU
		{E8C51F10-A1A9-4B52-A2A5-35CBC84E1419}.Release|Any CPU.ActiveCfg = Release|Any CPU
		{E8C51F10-A1A9-4B52-A2A5-35CBC84E1419}.Release|Any CPU.Build.0 = Release|Any CPU
		{C21B472B-872F-464C-AD18-F3AA70E8EB91}.Debug|Any CPU.ActiveCfg = Debug|Any CPU
		{C21B472B-872F-464C-AD18-F3AA70E8EB91}.Debug|Any CPU.Build.0 = Debug|Any CPU
		{C21B472B-872F-464C-AD18-F3AA70E8EB91}.Release|Any CPU.ActiveCfg = Release|Any CPU
		{C21B472B-872F-464C-AD18-F3AA70E8EB91}.Release|Any CPU.Build.0 = Release|Any CPU
	EndGlobalSection
	GlobalSection(SolutionProperties) = preSolution
		HideSolutionNode = FALSE
	EndGlobalSection
	GlobalSection(TeamFoundationVersionControl) = preSolution
		SccNumberOfProjects = 3
		SccEnterpriseProvider = {4CA58AB2-18FA-4F8D-95D4-32DDF27D184C}
		SccTeamFoundationServer = https://rhowell.visualstudio.com/defaultcollection
		SccProjectUniqueName0 = ..\\..\\Lab\u00208\\Ksu.Cis300.CapitalGainCalculator\\Ksu.Cis300.CapitalGainCalculator\\Ksu.Cis300.CapitalGainCalculator.csproj
		SccProjectName0 = ../../Lab\u00208/Ksu.Cis300.CapitalGainCalculator/Ksu.Cis300.CapitalGainCalculator
		SccLocalPath0 = ..\\..\\Lab\u00208\\Ksu.Cis300.CapitalGainCalculator\\Ksu.Cis300.CapitalGainCalculator
		SccLocalPath1 = .
		SccProjectUniqueName2 = Ksu.Cis300.LinkedListLibrary\\Ksu.Cis300.LinkedListLibrary.csproj
		SccProjectName2 = Ksu.Cis300.LinkedListLibrary
		SccLocalPath2 = Ksu.Cis300.LinkedListLibrary
	EndGlobalSection
EndGlobal
